// !$*UTF8*$!
{
	archiveVersion = 1;
	classes = {
	};
	objectVersion = 46;
	objects = {

/* Begin PBXBuildFile section */
		A0ABC7AE1B90CBAA001C1800 /* AppDelegate.swift in Sources */ = {isa = PBXBuildFile; fileRef = A0ABC7AD1B90CBAA001C1800 /* AppDelegate.swift */; };
		A0ABC7B01B90CBAB001C1800 /* ViewController.swift in Sources */ = {isa = PBXBuildFile; fileRef = A0ABC7AF1B90CBAB001C1800 /* ViewController.swift */; };
		A0ABC7B31B90CBAB001C1800 /* Main.storyboard in Resources */ = {isa = PBXBuildFile; fileRef = A0ABC7B11B90CBAB001C1800 /* Main.storyboard */; };
		A0ABC7B51B90CBAB001C1800 /* Images.xcassets in Resources */ = {isa = PBXBuildFile; fileRef = A0ABC7B41B90CBAB001C1800 /* Images.xcassets */; };
		A0ABC7B81B90CBAB001C1800 /* LaunchScreen.xib in Resources */ = {isa = PBXBuildFile; fileRef = A0ABC7B61B90CBAB001C1800 /* LaunchScreen.xib */; };
		A0ABC7C41B90CBAB001C1800 /* BLEDisplayTests.swift in Sources */ = {isa = PBXBuildFile; fileRef = A0ABC7C31B90CBAB001C1800 /* BLEDisplayTests.swift */; };
		A0ABC7D11B90CCA8001C1800 /* BLE.swift in Sources */ = {isa = PBXBuildFile; fileRef = A0ABC7D01B90CCA8001C1800 /* BLE.swift */; };
		A0ABC7D31B90F1AA001C1800 /* CoreBluetooth.framework in Frameworks */ = {isa = PBXBuildFile; fileRef = A0ABC7D21B90F1AA001C1800 /* CoreBluetooth.framework */; };
/* End PBXBuildFile section */

/* Begin PBXContainerItemProxy section */
		A0ABC7BE1B90CBAB001C1800 /* PBXContainerItemProxy */ = {
			isa = PBXContainerItemProxy;
			containerPortal = A0ABC7A01B90CBAA001C1800 /* Project object */;
			proxyType = 1;
			remoteGlobalIDString = A0ABC7A71B90CBAA001C1800;
			remoteInfo = BLEDisplay;
		};
/* End PBXContainerItemProxy section */

/* Begin PBXFileReference section */
		A0ABC7A81B90CBAA001C1800 /* BLEDisplay.app */ = {isa = PBXFileReference; explicitFileType = wrapper.application; includeInIndex = 0; path = BLEDisplay.app; sourceTree = BUILT_PRODUCTS_DIR; };
		A0ABC7AC1B90CBAA001C1800 /* Info.plist */ = {isa = PBXFileReference; lastKnownFileType = text.plist.xml; path = Info.plist; sourceTree = "<group>"; };
		A0ABC7AD1B90CBAA001C1800 /* AppDelegate.swift */ = {isa = PBXFileReference; lastKnownFileType = sourcecode.swift; path = AppDelegate.swift; sourceTree = "<group>"; };
		A0ABC7AF1B90CBAB001C1800 /* ViewController.swift */ = {isa = PBXFileReference; lastKnownFileType = sourcecode.swift; path = ViewController.swift; sourceTree = "<group>"; };
		A0ABC7B21B90CBAB001C1800 /* Base */ = {isa = PBXFileReference; lastKnownFileType = file.storyboard; name = Base; path = Base.lproj/Main.storyboard; sourceTree = "<group>"; };
		A0ABC7B41B90CBAB001C1800 /* Images.xcassets */ = {isa = PBXFileReference; lastKnownFileType = folder.assetcatalog; path = Images.xcassets; sourceTree = "<group>"; };
		A0ABC7B71B90CBAB001C1800 /* Base */ = {isa = PBXFileReference; lastKnownFileType = file.xib; name = Base; path = Base.lproj/LaunchScreen.xib; sourceTree = "<group>"; };
		A0ABC7BD1B90CBAB001C1800 /* BLEDisplayTests.xctest */ = {isa = PBXFileReference; explicitFileType = wrapper.cfbundle; includeInIndex = 0; path = BLEDisplayTests.xctest; sourceTree = BUILT_PRODUCTS_DIR; };
		A0ABC7C21B90CBAB001C1800 /* Info.plist */ = {isa = PBXFileReference; lastKnownFileType = text.plist.xml; path = Info.plist; sourceTree = "<group>"; };
		A0ABC7C31B90CBAB001C1800 /* BLEDisplayTests.swift */ = {isa = PBXFileReference; lastKnownFileType = sourcecode.swift; path = BLEDisplayTests.swift; sourceTree = "<group>"; };
		A0ABC7D01B90CCA8001C1800 /* BLE.swift */ = {isa = PBXFileReference; fileEncoding = 4; lastKnownFileType = sourcecode.swift; name = BLE.swift; path = BLEFramework/BLE.swift; sourceTree = "<group>"; };
		A0ABC7D21B90F1AA001C1800 /* CoreBluetooth.framework */ = {isa = PBXFileReference; lastKnownFileType = wrapper.framework; name = CoreBluetooth.framework; path = System/Library/Frameworks/CoreBluetooth.framework; sourceTree = SDKROOT; };
/* End PBXFileReference section */

/* Begin PBXFrameworksBuildPhase section */
		A0ABC7A51B90CBAA001C1800 /* Frameworks */ = {
			isa = PBXFrameworksBuildPhase;
			buildActionMask = 2147483647;
			files = (
				A0ABC7D31B90F1AA001C1800 /* CoreBluetooth.framework in Frameworks */,
			);
			runOnlyForDeploymentPostprocessing = 0;
		};
		A0ABC7BA1B90CBAB001C1800 /* Frameworks */ = {
			isa = PBXFrameworksBuildPhase;
			buildActionMask = 2147483647;
			files = (
			);
			runOnlyForDeploymentPostprocessing = 0;
		};
/* End PBXFrameworksBuildPhase section */

/* Begin PBXGroup section */
		A0ABC79F1B90CBAA001C1800 = {
			isa = PBXGroup;
			children = (
				A0ABC7D21B90F1AA001C1800 /* CoreBluetooth.framework */,
				A0ABC7AA1B90CBAA001C1800 /* BLEDisplay */,
				A0ABC7C01B90CBAB001C1800 /* BLEDisplayTests */,
				A0ABC7A91B90CBAA001C1800 /* Products */,
			);
			sourceTree = "<group>";
		};
		A0ABC7A91B90CBAA001C1800 /* Products */ = {
			isa = PBXGroup;
			children = (
				A0ABC7A81B90CBAA001C1800 /* BLEDisplay.app */,
				A0ABC7BD1B90CBAB001C1800 /* BLEDisplayTests.xctest */,
			);
			name = Products;
			sourceTree = "<group>";
		};
		A0ABC7AA1B90CBAA001C1800 /* BLEDisplay */ = {
			isa = PBXGroup;
			children = (
				A0ABC7CF1B90CC82001C1800 /* BLEFramework */,
				A0ABC7AD1B90CBAA001C1800 /* AppDelegate.swift */,
				A0ABC7AF1B90CBAB001C1800 /* ViewController.swift */,
				A0ABC7B11B90CBAB001C1800 /* Main.storyboard */,
				A0ABC7B41B90CBAB001C1800 /* Images.xcassets */,
				A0ABC7B61B90CBAB001C1800 /* LaunchScreen.xib */,
				A0ABC7AB1B90CBAA001C1800 /* Supporting Files */,
			);
			path = BLEDisplay;
			sourceTree = "<group>";
		};
		A0ABC7AB1B90CBAA001C1800 /* Supporting Files */ = {
			isa = PBXGroup;
			children = (
				A0ABC7AC1B90CBAA001C1800 /* Info.plist */,
			);
			name = "Supporting Files";
			sourceTree = "<group>";
		};
		A0ABC7C01B90CBAB001C1800 /* BLEDisplayTests */ = {
			isa = PBXGroup;
			children = (
				A0ABC7C31B90CBAB001C1800 /* BLEDisplayTests.swift */,
				A0ABC7C11B90CBAB001C1800 /* Supporting Files */,
			);
			path = BLEDisplayTests;
			sourceTree = "<group>";
		};
		A0ABC7C11B90CBAB001C1800 /* Supporting Files */ = {
			isa = PBXGroup;
			children = (
				A0ABC7C21B90CBAB001C1800 /* Info.plist */,
			);
			name = "Supporting Files";
			sourceTree = "<group>";
		};
		A0ABC7CF1B90CC82001C1800 /* BLEFramework */ = {
			isa = PBXGroup;
			children = (
				A0ABC7D01B90CCA8001C1800 /* BLE.swift */,
			);
			name = BLEFramework;
			sourceTree = "<group>";
		};
/* End PBXGroup section */

/* Begin PBXNativeTarget section */
		A0ABC7A71B90CBAA001C1800 /* BLEDisplay */ = {
			isa = PBXNativeTarget;
			buildConfigurationList = A0ABC7C71B90CBAB001C1800 /* Build configuration list for PBXNativeTarget "BLEDisplay" */;
			buildPhases = (
				A0ABC7A41B90CBAA001C1800 /* Sources */,
				A0ABC7A51B90CBAA001C1800 /* Frameworks */,
				A0ABC7A61B90CBAA001C1800 /* Resources */,
			);
			buildRules = (
			);
			dependencies = (
			);
			name = BLEDisplay;
			productName = BLEDisplay;
			productReference = A0ABC7A81B90CBAA001C1800 /* BLEDisplay.app */;
			productType = "com.apple.product-type.application";
		};
		A0ABC7BC1B90CBAB001C1800 /* BLEDisplayTests */ = {
			isa = PBXNativeTarget;
			buildConfigurationList = A0ABC7CA1B90CBAB001C1800 /* Build configuration list for PBXNativeTarget "BLEDisplayTests" */;
			buildPhases = (
				A0ABC7B91B90CBAB001C1800 /* Sources */,
				A0ABC7BA1B90CBAB001C1800 /* Frameworks */,
				A0ABC7BB1B90CBAB001C1800 /* Resources */,
			);
			buildRules = (
			);
			dependencies = (
				A0ABC7BF1B90CBAB001C1800 /* PBXTargetDependency */,
			);
			name = BLEDisplayTests;
			productName = BLEDisplayTests;
			productReference = A0ABC7BD1B90CBAB001C1800 /* BLEDisplayTests.xctest */;
			productType = "com.apple.product-type.bundle.unit-test";
		};
/* End PBXNativeTarget section */

/* Begin PBXProject section */
		A0ABC7A01B90CBAA001C1800 /* Project object */ = {
			isa = PBXProject;
			attributes = {
				LastUpgradeCheck = 0640;
				ORGANIZATIONNAME = "Gabor, Vass";
				TargetAttributes = {
					A0ABC7A71B90CBAA001C1800 = {
						CreatedOnToolsVersion = 6.4;
						DevelopmentTeam = 48P2Z2RFEU;
						SystemCapabilities = {
							com.apple.BackgroundModes = {
								enabled = 1;
							};
						};
					};
					A0ABC7BC1B90CBAB001C1800 = {
						CreatedOnToolsVersion = 6.4;
						TestTargetID = A0ABC7A71B90CBAA001C1800;
					};
				};
			};
			buildConfigurationList = A0ABC7A31B90CBAA001C1800 /* Build configuration list for PBXProject "BLEDisplay" */;
			compatibilityVersion = "Xcode 3.2";
			developmentRegion = English;
			hasScannedForEncodings = 0;
			knownRegions = (
				en,
				Base,
			);
			mainGroup = A0ABC79F1B90CBAA001C1800;
			productRefGroup = A0ABC7A91B90CBAA001C1800 /* Products */;
			projectDirPath = "";
			projectRoot = "";
			targets = (
				A0ABC7A71B90CBAA001C1800 /* BLEDisplay */,
				A0ABC7BC1B90CBAB001C1800 /* BLEDisplayTests */,
			);
		};
/* End PBXProject section */

/* Begin PBXResourcesBuildPhase section */
		A0ABC7A61B90CBAA001C1800 /* Resources */ = {
			isa = PBXResourcesBuildPhase;
			buildActionMask = 2147483647;
			files = (
				A0ABC7B31B90CBAB001C1800 /* Main.storyboard in Resources */,
				A0ABC7B81B90CBAB001C1800 /* LaunchScreen.xib in Resources */,
				A0ABC7B51B90CBAB001C1800 /* Images.xcassets in Resources */,
			);
			runOnlyForDeploymentPostprocessing = 0;
		};
		A0ABC7BB1B90CBAB001C1800 /* Resources */ = {
			isa = PBXResourcesBuildPhase;
			buildActionMask = 2147483647;
			files = (
			);
			runOnlyForDeploymentPostprocessing = 0;
		};
/* End PBXResourcesBuildPhase section */

/* Begin PBXSourcesBuildPhase section */
		A0ABC7A41B90CBAA001C1800 /* Sources */ = {
			isa = PBXSourcesBuildPhase;
			buildActionMask = 2147483647;
			files = (
				A0ABC7B01B90CBAB001C1800 /* ViewController.swift in Sources */,
				A0ABC7D11B90CCA8001C1800 /* BLE.swift in Sources */,
				A0ABC7AE1B90CBAA001C1800 /* AppDelegate.swift in Sources */,
			);
			runOnlyForDeploymentPostprocessing = 0;
		};
		A0ABC7B91B90CBAB001C1800 /* Sources */ = {
			isa = PBXSourcesBuildPhase;
			buildActionMask = 2147483647;
			files = (
				A0ABC7C41B90CBAB001C1800 /* BLEDisplayTests.swift in Sources */,
			);
			runOnlyForDeploymentPostprocessing = 0;
		};
/* End PBXSourcesBuildPhase section */

/* Begin PBXTargetDependency section */
		A0ABC7BF1B90CBAB001C1800 /* PBXTargetDependency */ = {
			isa = PBXTargetDependency;
			target = A0ABC7A71B90CBAA001C1800 /* BLEDisplay */;
			targetProxy = A0ABC7BE1B90CBAB001C1800 /* PBXContainerItemProxy */;
		};
/* End PBXTargetDependency section */

/* Begin PBXVariantGroup section */
		A0ABC7B11B90CBAB001C1800 /* Main.storyboard */ = {
			isa = PBXVariantGroup;
			children = (
				A0ABC7B21B90CBAB001C1800 /* Base */,
			);
			name = Main.storyboard;
			sourceTree = "<group>";
		};
		A0ABC7B61B90CBAB001C1800 /* LaunchScreen.xib */ = {
			isa = PBXVariantGroup;
			children = (
				A0ABC7B71B90CBAB001C1800 /* Base */,
			);
			name = LaunchScreen.xib;
			sourceTree = "<group>";
		};
/* End PBXVariantGroup section */

/* Begin XCBuildConfiguration section */
		A0ABC7C51B90CBAB001C1800 /* Debug */ = {
			isa = XCBuildConfiguration;
			buildSettings = {
				ALWAYS_SEARCH_USER_PATHS = NO;
				CLANG_CXX_LANGUAGE_STANDARD = "gnu++0x";
				CLANG_CXX_LIBRARY = "libc++";
				CLANG_ENABLE_MODULES = YES;
				CLANG_ENABLE_OBJC_ARC = YES;
				CLANG_WARN_BOOL_CONVERSION = YES;
				CLANG_WARN_CONSTANT_CONVERSION = YES;
				CLANG_WARN_DIRECT_OBJC_ISA_USAGE = YES_ERROR;
				CLANG_WARN_EMPTY_BODY = YES;
				CLANG_WARN_ENUM_CONVERSION = YES;
				CLANG_WARN_INT_CONVERSION = YES;
				CLANG_WARN_OBJC_ROOT_CLASS = YES_ERROR;
				CLANG_WARN_UNREACHABLE_CODE = YES;
				CLANG_WARN__DUPLICATE_METHOD_MATCH = YES;
				"CODE_SIGN_IDENTITY[sdk=iphoneos*]" = "iPhone Developer";
				COPY_PHASE_STRIP = NO;
				DEBUG_INFORMATION_FORMAT = "dwarf-with-dsym";
				ENABLE_STRICT_OBJC_MSGSEND = YES;
				GCC_C_LANGUAGE_STANDARD = gnu99;
				GCC_DYNAMIC_NO_PIC = NO;
				GCC_NO_COMMON_BLOCKS = YES;
				GCC_OPTIMIZATION_LEVEL = 0;
				GCC_PREPROCESSOR_DEFINITIONS = (
					"DEBUG=1",
					"$(inherited)",
				);
				GCC_SYMBOLS_PRIVATE_EXTERN = NO;
				GCC_WARN_64_TO_32_BIT_CONVERSION = YES;
				GCC_WARN_ABOUT_RETURN_TYPE = YES_ERROR;
				GCC_WARN_UNDECLARED_SELECTOR = YES;
				GCC_WARN_UNINITIALIZED_AUTOS = YES_AGGRESSIVE;
				GCC_WARN_UNUSED_FUNCTION = YES;
				GCC_WARN_UNUSED_VARIABLE = YES;
				IPHONEOS_DEPLOYMENT_TARGET = 8.4;
				MTL_ENABLE_DEBUG_INFO = YES;
				ONLY_ACTIVE_ARCH = YES;
				SDKROOT = iphoneos;
				SWIFT_OPTIMIZATION_LEVEL = "-Onone";
			};
			name = Debug;
		};
		A0ABC7C61B90CBAB001C1800 /* Release */ = {
			isa = XCBuildConfiguration;
			buildSettings = {
				ALWAYS_SEARCH_USER_PATHS = NO;
				CLANG_CXX_LANGUAGE_STANDARD = "gnu++0x";
				CLANG_CXX_LIBRARY = "libc++";
				CLANG_ENABLE_MODULES = YES;
				CLANG_ENABLE_OBJC_ARC = YES;
				CLANG_WARN_BOOL_CONVERSION = YES;
				CLANG_WARN_CONSTANT_CONVERSION = YES;
				CLANG_WARN_DIRECT_OBJC_ISA_USAGE = YES_ERROR;
				CLANG_WARN_EMPTY_BODY = YES;
				CLANG_WARN_ENUM_CONVERSION = YES;
				CLANG_WARN_INT_CONVERSION = YES;
				CLANG_WARN_OBJC_ROOT_CLASS = YES_ERROR;
				CLANG_WARN_UNREACHABLE_CODE = YES;
				CLANG_WARN__DUPLICATE_METHOD_MATCH = YES;
				"CODE_SIGN_IDENTITY[sdk=iphoneos*]" = "iPhone Developer";
				COPY_PHASE_STRIP = NO;
				DEBUG_INFORMATION_FORMAT = "dwarf-with-dsym";
				ENABLE_NS_ASSERTIONS = NO;
				ENABLE_STRICT_OBJC_MSGSEND = YES;
				GCC_C_LANGUAGE_STANDARD = gnu99;
				GCC_NO_COMMON_BLOCKS = YES;
				GCC_WARN_64_TO_32_BIT_CONVERSION = YES;
				GCC_WARN_ABOUT_RETURN_TYPE = YES_ERROR;
				GCC_WARN_UNDECLARED_SELECTOR = YES;
				GCC_WARN_UNINITIALIZED_AUTOS = YES_AGGRESSIVE;
				GCC_WARN_UNUSED_FUNCTION = YES;
				GCC_WARN_UNUSED_VARIABLE = YES;
				IPHONEOS_DEPLOYMENT_TARGET = 8.4;
				MTL_ENABLE_DEBUG_INFO = NO;
				SDKROOT = iphoneos;
				VALIDATE_PRODUCT = YES;
			};
			name = Release;
		};
		A0ABC7C81B90CBAB001C1800 /* Debug */ = {
			isa = XCBuildConfiguration;
			buildSettings = {
				ASSETCATALOG_COMPILER_APPICON_NAME = AppIcon;
				CODE_SIGN_IDENTITY = "iPhone Developer";
				INFOPLIST_FILE = BLEDisplay/Info.plist;
				LD_RUNPATH_SEARCH_PATHS = "$(inherited) @executable_path/Frameworks";
				PRODUCT_NAME = "$(TARGET_NAME)";
			};
			name = Debug;
		};
		A0ABC7C91B90CBAB001C1800 /* Release */ = {
			isa = XCBuildConfiguration;
			buildSettings = {
				ASSETCATALOG_COMPILER_APPICON_NAME = AppIcon;
				CODE_SIGN_IDENTITY = "iPhone Developer";
				INFOPLIST_FILE = BLEDisplay/Info.plist;
				LD_RUNPATH_SEARCH_PATHS = "$(inherited) @executable_path/Frameworks";
				PRODUCT_NAME = "$(TARGET_NAME)";
			};
			name = Release;
		};
		A0ABC7CB1B90CBAB001C1800 /* Debug */ = {
			isa = XCBuildConfiguration;
			buildSettings = {
				BUNDLE_LOADER = "$(TEST_HOST)";
				FRAMEWORK_SEARCH_PATHS = (
					"$(SDKROOT)/Developer/Library/Frameworks",
					"$(inherited)",
				);
				GCC_PREPROCESSOR_DEFINITIONS = (
					"DEBUG=1",
					"$(inherited)",
				);
				INFOPLIST_FILE = BLEDisplayTests/Info.plist;
				LD_RUNPATH_SEARCH_PATHS = "$(inherited) @executable_path/Frameworks @loader_path/Frameworks";
				PRODUCT_NAME = "$(TARGET_NAME)";
				TEST_HOST = "$(BUILT_PRODUCTS_DIR)/BLEDisplay.app/BLEDisplay";
			};
			name = Debug;
		};
		A0ABC7CC1B90CBAB001C1800 /* Release */ = {
			isa = XCBuildConfiguration;
			buildSettings = {
				BUNDLE_LOADER = "$(TEST_HOST)";
				FRAMEWORK_SEARCH_PATHS = (
					"$(SDKROOT)/Developer/Library/Frameworks",
					"$(inherited)",
				);
				INFOPLIST_FILE = BLEDisplayTests/Info.plist;
				LD_RUNPATH_SEARCH_PATHS = "$(inherited) @executable_path/Frameworks @loader_path/Frameworks";
				PRODUCT_NAME = "$(TARGET_NAME)";
				TEST_HOST = "$(BUILT_PRODUCTS_DIR)/BLEDisplay.app/BLEDisplay";
			};
			name = Release;
		};
/* End XCBuildConfiguration section */

/* Begin XCConfigurationList section */
		A0ABC7A31B90CBAA001C1800 /* Build configuration list for PBXProject "BLEDisplay" */ = {
			isa = XCConfigurationList;
			buildConfigurations = (
				A0ABC7C51B90CBAB001C1800 /* Debug */,
				A0ABC7C61B90CBAB001C1800 /* Release */,
			);
			defaultConfigurationIsVisible = 0;
			defaultConfigurationName = Release;
		};
		A0ABC7C71B90CBAB001C1800 /* Build configuration list for PBXNativeTarget "BLEDisplay" */ = {
			isa = XCConfigurationList;
			buildConfigurations = (
				A0ABC7C81B90CBAB001C1800 /* Debug */,
				A0ABC7C91B90CBAB001C1800 /* Release */,
			);
			defaultConfigurationIsVisible = 0;
		};
		A0ABC7CA1B90CBAB001C1800 /* Build configuration list for PBXNativeTarget "BLEDisplayTests" */ = {
			isa = XCConfigurationList;
			buildConfigurations = (
				A0ABC7CB1B90CBAB001C1800 /* Debug */,
				A0ABC7CC1B90CBAB001C1800 /* Release */,
			);
			defaultConfigurationIsVisible = 0;
		};
/* End XCConfigurationList section */
	};
	rootObject = A0ABC7A01B90CBAA001C1800 /* Project object */;
}
